
Microsoft Visual Studio Solution File, Format Version 12.00
# Visual Studio Version 17
VisualStudioVersion = 17.4.33213.308
MinimumVisualStudioVersion = 10.0.40219.1
Project("{9A19103F-16F7-4668-BE54-9A1E7A4F7556}") = "BudgetBook", "BudgetBook\BudgetBook.csproj", "{2F6D5CF1-9094-43BF-96B1-CD0D8DBACFBD}"
EndProject
Project("{9A19103F-16F7-4668-BE54-9A1E7A4F7556}") = "DataAccesLibrary", "DataAccesLibrary\DataAccesLibrary.csproj", "{63B6C38A-5A7B-44F2-A013-88A09EEBEB99}"
EndProject
Project("{FAE04EC0-301F-11D3-BF4B-00C04F79EFBC}") = "Person_serverApp", "Person_serverApp\Person_serverApp.csproj", "{504E73F8-3E33-4E37-BA77-7C54753EDE62}"
EndProject
Global
	GlobalSection(SolutionConfigurationPlatforms) = preSolution
		Debug|Any CPU = Debug|Any CPU
		Release|Any CPU = Release|Any CPU
	EndGlobalSection
	GlobalSection(ProjectConfigurationPlatforms) = postSolution
		{2F6D5CF1-9094-43BF-96B1-CD0D8DBACFBD}.Debug|Any CPU.ActiveCfg = Debug|Any CPU
		{2F6D5CF1-9094-43BF-96B1-CD0D8DBACFBD}.Debug|Any CPU.Build.0 = Debug|Any CPU
		{2F6D5CF1-9094-43BF-96B1-CD0D8DBACFBD}.Release|Any CPU.ActiveCfg = Release|Any CPU
		{2F6D5CF1-9094-43BF-96B1-CD0D8DBACFBD}.Release|Any CPU.Build.0 = Release|Any CPU
		{63B6C38A-5A7B-44F2-A013-88A09EEBEB99}.Debug|Any CPU.ActiveCfg = Debug|Any CPU
		{63B6C38A-5A7B-44F2-A013-88A09EEBEB99}.Debug|Any CPU.Build.0 = Debug|Any CPU
		{63B6C38A-5A7B-44F2-A013-88A09EEBEB99}.Release|Any CPU.ActiveCfg = Release|Any CPU
		{63B6C38A-5A7B-44F2-A013-88A09EEBEB99}.Release|Any CPU.Build.0 = Release|Any CPU
		{504E73F8-3E33-4E37-BA77-7C54753EDE62}.Debug|Any CPU.ActiveCfg = Debug|Any CPU
		{504E73F8-3E33-4E37-BA77-7C54753EDE62}.Debug|Any CPU.Build.0 = Debug|Any CPU
		{504E73F8-3E33-4E37-BA77-7C54753EDE62}.Release|Any CPU.ActiveCfg = Release|Any CPU
		{504E73F8-3E33-4E37-BA77-7C54753EDE62}.Release|Any CPU.Build.0 = Release|Any CPU
	EndGlobalSection
	GlobalSection(SolutionProperties) = preSolution
		HideSolutionNode = FALSE
	EndGlobalSection
	GlobalSection(ExtensibilityGlobals) = postSolution
		SolutionGuid = {C14EDB2F-2A44-4E4B-A262-9E351070BB47}
	EndGlobalSection
EndGlobal
